// !$*UTF8*$!
{
	archiveVersion = 1;
	classes = {
	};
	objectVersion = 50;
	objects = {

/* Begin PBXBuildFile section */
		A85A5F7624C9F5DC00E68830 /* AppDelegate.swift in Sources */ = {isa = PBXBuildFile; fileRef = A85A5F7524C9F5DC00E68830 /* AppDelegate.swift */; };
		A85A5F7824C9F5DC00E68830 /* SceneDelegate.swift in Sources */ = {isa = PBXBuildFile; fileRef = A85A5F7724C9F5DC00E68830 /* SceneDelegate.swift */; };
		A85A5F7A24C9F5DC00E68830 /* LandmarkDetail.swift in Sources */ = {isa = PBXBuildFile; fileRef = A85A5F7924C9F5DC00E68830 /* LandmarkDetail.swift */; };
		A85A5F7C24C9F5DF00E68830 /* Assets.xcassets in Resources */ = {isa = PBXBuildFile; fileRef = A85A5F7B24C9F5DF00E68830 /* Assets.xcassets */; };
		A85A5F7F24C9F5DF00E68830 /* Preview Assets.xcassets in Resources */ = {isa = PBXBuildFile; fileRef = A85A5F7E24C9F5DF00E68830 /* Preview Assets.xcassets */; };
		A85A5F8224C9F5DF00E68830 /* LaunchScreen.storyboard in Resources */ = {isa = PBXBuildFile; fileRef = A85A5F8024C9F5DF00E68830 /* LaunchScreen.storyboard */; };
		A85A5F8A24C9FC6900E68830 /* CircleImage.swift in Sources */ = {isa = PBXBuildFile; fileRef = A85A5F8924C9FC6900E68830 /* CircleImage.swift */; };
		A85A5F8C24C9FF5C00E68830 /* MapView.swift in Sources */ = {isa = PBXBuildFile; fileRef = A85A5F8B24C9FF5C00E68830 /* MapView.swift */; };
		A85A5F9224CA2F3000E68830 /* LandmarkRow.swift in Sources */ = {isa = PBXBuildFile; fileRef = A85A5F9124CA2F3000E68830 /* LandmarkRow.swift */; };
		A85A5F9424CA30E900E68830 /* Data.swift in Sources */ = {isa = PBXBuildFile; fileRef = A85A5F9324CA30E900E68830 /* Data.swift */; };
		A85A5F9624CA341100E68830 /* Landmark.swift in Sources */ = {isa = PBXBuildFile; fileRef = A85A5F9524CA341100E68830 /* Landmark.swift */; };
		A85A5FA624CA348C00E68830 /* chincoteague.jpg in Resources */ = {isa = PBXBuildFile; fileRef = A85A5F9924CA348B00E68830 /* chincoteague.jpg */; };
		A85A5FA724CA348C00E68830 /* yukon_charleyrivers.jpg in Resources */ = {isa = PBXBuildFile; fileRef = A85A5F9A24CA348C00E68830 /* yukon_charleyrivers.jpg */; };
		A85A5FA824CA348C00E68830 /* rainbowlake.jpg in Resources */ = {isa = PBXBuildFile; fileRef = A85A5F9B24CA348C00E68830 /* rainbowlake.jpg */; };
		A85A5FA924CA348C00E68830 /* umbagog.jpg in Resources */ = {isa = PBXBuildFile; fileRef = A85A5F9C24CA348C00E68830 /* umbagog.jpg */; };
		A85A5FAA24CA348C00E68830 /* silversalmoncreek.jpg in Resources */ = {isa = PBXBuildFile; fileRef = A85A5F9D24CA348C00E68830 /* silversalmoncreek.jpg */; };
		A85A5FAB24CA348C00E68830 /* landmarkData.json in Resources */ = {isa = PBXBuildFile; fileRef = A85A5F9E24CA348C00E68830 /* landmarkData.json */; };
		A85A5FAC24CA348C00E68830 /* twinlake.jpg in Resources */ = {isa = PBXBuildFile; fileRef = A85A5F9F24CA348C00E68830 /* twinlake.jpg */; };
		A85A5FAD24CA348C00E68830 /* hiddenlake.jpg in Resources */ = {isa = PBXBuildFile; fileRef = A85A5FA024CA348C00E68830 /* hiddenlake.jpg */; };
		A85A5FAE24CA348C00E68830 /* icybay.jpg in Resources */ = {isa = PBXBuildFile; fileRef = A85A5FA124CA348C00E68830 /* icybay.jpg */; };
		A85A5FAF24CA348C00E68830 /* turtlerock.jpg in Resources */ = {isa = PBXBuildFile; fileRef = A85A5FA224CA348C00E68830 /* turtlerock.jpg */; };
		A85A5FB024CA348C00E68830 /* lakemcdonald.jpg in Resources */ = {isa = PBXBuildFile; fileRef = A85A5FA324CA348C00E68830 /* lakemcdonald.jpg */; };
		A85A5FB124CA348C00E68830 /* stmarylake.jpg in Resources */ = {isa = PBXBuildFile; fileRef = A85A5FA424CA348C00E68830 /* stmarylake.jpg */; };
		A85A5FB224CA348C00E68830 /* chilkoottrail.jpg in Resources */ = {isa = PBXBuildFile; fileRef = A85A5FA524CA348C00E68830 /* chilkoottrail.jpg */; };
		A85A5FB424CA383100E68830 /* LandmarkList.swift in Sources */ = {isa = PBXBuildFile; fileRef = A85A5FB324CA383100E68830 /* LandmarkList.swift */; };
/* End PBXBuildFile section */

/* Begin PBXFileReference section */
		A85A5F7224C9F5DC00E68830 /* Landmarks.app */ = {isa = PBXFileReference; explicitFileType = wrapper.application; includeInIndex = 0; path = Landmarks.app; sourceTree = BUILT_PRODUCTS_DIR; };
		A85A5F7524C9F5DC00E68830 /* AppDelegate.swift */ = {isa = PBXFileReference; lastKnownFileType = sourcecode.swift; path = AppDelegate.swift; sourceTree = "<group>"; };
		A85A5F7724C9F5DC00E68830 /* SceneDelegate.swift */ = {isa = PBXFileReference; lastKnownFileType = sourcecode.swift; path = SceneDelegate.swift; sourceTree = "<group>"; };
		A85A5F7924C9F5DC00E68830 /* LandmarkDetail.swift */ = {isa = PBXFileReference; lastKnownFileType = sourcecode.swift; path = LandmarkDetail.swift; sourceTree = "<group>"; };
		A85A5F7B24C9F5DF00E68830 /* Assets.xcassets */ = {isa = PBXFileReference; lastKnownFileType = folder.assetcatalog; path = Assets.xcassets; sourceTree = "<group>"; };
		A85A5F7E24C9F5DF00E68830 /* Preview Assets.xcassets */ = {isa = PBXFileReference; lastKnownFileType = folder.assetcatalog; path = "Preview Assets.xcassets"; sourceTree = "<group>"; };
		A85A5F8124C9F5DF00E68830 /* Base */ = {isa = PBXFileReference; lastKnownFileType = file.storyboard; name = Base; path = Base.lproj/LaunchScreen.storyboard; sourceTree = "<group>"; };
		A85A5F8324C9F5DF00E68830 /* Info.plist */ = {isa = PBXFileReference; lastKnownFileType = text.plist.xml; path = Info.plist; sourceTree = "<group>"; };
		A85A5F8924C9FC6900E68830 /* CircleImage.swift */ = {isa = PBXFileReference; lastKnownFileType = sourcecode.swift; path = CircleImage.swift; sourceTree = "<group>"; };
		A85A5F8B24C9FF5C00E68830 /* MapView.swift */ = {isa = PBXFileReference; lastKnownFileType = sourcecode.swift; path = MapView.swift; sourceTree = "<group>"; };
		A85A5F9124CA2F3000E68830 /* LandmarkRow.swift */ = {isa = PBXFileReference; lastKnownFileType = sourcecode.swift; path = LandmarkRow.swift; sourceTree = "<group>"; };
		A85A5F9324CA30E900E68830 /* Data.swift */ = {isa = PBXFileReference; fileEncoding = 4; lastKnownFileType = sourcecode.swift; path = Data.swift; sourceTree = "<group>"; };
		A85A5F9524CA341100E68830 /* Landmark.swift */ = {isa = PBXFileReference; fileEncoding = 4; lastKnownFileType = sourcecode.swift; path = Landmark.swift; sourceTree = "<group>"; };
		A85A5F9924CA348B00E68830 /* chincoteague.jpg */ = {isa = PBXFileReference; lastKnownFileType = image.jpeg; path = chincoteague.jpg; sourceTree = "<group>"; };
		A85A5F9A24CA348C00E68830 /* yukon_charleyrivers.jpg */ = {isa = PBXFileReference; lastKnownFileType = image.jpeg; path = yukon_charleyrivers.jpg; sourceTree = "<group>"; };
		A85A5F9B24CA348C00E68830 /* rainbowlake.jpg */ = {isa = PBXFileReference; lastKnownFileType = image.jpeg; path = rainbowlake.jpg; sourceTree = "<group>"; };
		A85A5F9C24CA348C00E68830 /* umbagog.jpg */ = {isa = PBXFileReference; lastKnownFileType = image.jpeg; path = umbagog.jpg; sourceTree = "<group>"; };
		A85A5F9D24CA348C00E68830 /* silversalmoncreek.jpg */ = {isa = PBXFileReference; lastKnownFileType = image.jpeg; path = silversalmoncreek.jpg; sourceTree = "<group>"; };
		A85A5F9E24CA348C00E68830 /* landmarkData.json */ = {isa = PBXFileReference; fileEncoding = 4; lastKnownFileType = text.json; path = landmarkData.json; sourceTree = "<group>"; };
		A85A5F9F24CA348C00E68830 /* twinlake.jpg */ = {isa = PBXFileReference; lastKnownFileType = image.jpeg; path = twinlake.jpg; sourceTree = "<group>"; };
		A85A5FA024CA348C00E68830 /* hiddenlake.jpg */ = {isa = PBXFileReference; lastKnownFileType = image.jpeg; path = hiddenlake.jpg; sourceTree = "<group>"; };
		A85A5FA124CA348C00E68830 /* icybay.jpg */ = {isa = PBXFileReference; lastKnownFileType = image.jpeg; path = icybay.jpg; sourceTree = "<group>"; };
		A85A5FA224CA348C00E68830 /* turtlerock.jpg */ = {isa = PBXFileReference; lastKnownFileType = image.jpeg; path = turtlerock.jpg; sourceTree = "<group>"; };
		A85A5FA324CA348C00E68830 /* lakemcdonald.jpg */ = {isa = PBXFileReference; lastKnownFileType = image.jpeg; path = lakemcdonald.jpg; sourceTree = "<group>"; };
		A85A5FA424CA348C00E68830 /* stmarylake.jpg */ = {isa = PBXFileReference; lastKnownFileType = image.jpeg; path = stmarylake.jpg; sourceTree = "<group>"; };
		A85A5FA524CA348C00E68830 /* chilkoottrail.jpg */ = {isa = PBXFileReference; lastKnownFileType = image.jpeg; path = chilkoottrail.jpg; sourceTree = "<group>"; };
		A85A5FB324CA383100E68830 /* LandmarkList.swift */ = {isa = PBXFileReference; lastKnownFileType = sourcecode.swift; path = LandmarkList.swift; sourceTree = "<group>"; };
/* End PBXFileReference section */

/* Begin PBXFrameworksBuildPhase section */
		A85A5F6F24C9F5DC00E68830 /* Frameworks */ = {
			isa = PBXFrameworksBuildPhase;
			buildActionMask = 2147483647;
			files = (
			);
			runOnlyForDeploymentPostprocessing = 0;
		};
/* End PBXFrameworksBuildPhase section */

/* Begin PBXGroup section */
		A85A5F6924C9F5DC00E68830 = {
			isa = PBXGroup;
			children = (
				A85A5F7424C9F5DC00E68830 /* Landmarks */,
				A85A5F7324C9F5DC00E68830 /* Products */,
			);
			sourceTree = "<group>";
		};
		A85A5F7324C9F5DC00E68830 /* Products */ = {
			isa = PBXGroup;
			children = (
				A85A5F7224C9F5DC00E68830 /* Landmarks.app */,
			);
			name = Products;
			sourceTree = "<group>";
		};
		A85A5F7424C9F5DC00E68830 /* Landmarks */ = {
			isa = PBXGroup;
			children = (
				A85A5F7524C9F5DC00E68830 /* AppDelegate.swift */,
				A85A5F7724C9F5DC00E68830 /* SceneDelegate.swift */,
				A85A5F7924C9F5DC00E68830 /* LandmarkDetail.swift */,
				A85A5F9724CA344900E68830 /* Model */,
				A85A5F8924C9FC6900E68830 /* CircleImage.swift */,
				A85A5F8B24C9FF5C00E68830 /* MapView.swift */,
				A85A5F9124CA2F3000E68830 /* LandmarkRow.swift */,
				A85A5FB324CA383100E68830 /* LandmarkList.swift */,
				A85A5F9824CA347100E68830 /* Resources */,
				A85A5F7B24C9F5DF00E68830 /* Assets.xcassets */,
				A85A5F8024C9F5DF00E68830 /* LaunchScreen.storyboard */,
				A85A5F8324C9F5DF00E68830 /* Info.plist */,
				A85A5F7D24C9F5DF00E68830 /* Preview Content */,
			);
			path = Landmarks;
			sourceTree = "<group>";
		};
		A85A5F7D24C9F5DF00E68830 /* Preview Content */ = {
			isa = PBXGroup;
			children = (
				A85A5F7E24C9F5DF00E68830 /* Preview Assets.xcassets */,
			);
			path = "Preview Content";
			sourceTree = "<group>";
		};
		A85A5F9724CA344900E68830 /* Model */ = {
			isa = PBXGroup;
			children = (
				A85A5F9324CA30E900E68830 /* Data.swift */,
				A85A5F9524CA341100E68830 /* Landmark.swift */,
			);
			path = Model;
			sourceTree = "<group>";
		};
		A85A5F9824CA347100E68830 /* Resources */ = {
			isa = PBXGroup;
			children = (
				A85A5FA524CA348C00E68830 /* chilkoottrail.jpg */,
				A85A5F9924CA348B00E68830 /* chincoteague.jpg */,
				A85A5FA024CA348C00E68830 /* hiddenlake.jpg */,
				A85A5FA124CA348C00E68830 /* icybay.jpg */,
				A85A5FA324CA348C00E68830 /* lakemcdonald.jpg */,
				A85A5F9E24CA348C00E68830 /* landmarkData.json */,
				A85A5F9B24CA348C00E68830 /* rainbowlake.jpg */,
				A85A5F9D24CA348C00E68830 /* silversalmoncreek.jpg */,
				A85A5FA424CA348C00E68830 /* stmarylake.jpg */,
				A85A5FA224CA348C00E68830 /* turtlerock.jpg */,
				A85A5F9F24CA348C00E68830 /* twinlake.jpg */,
				A85A5F9C24CA348C00E68830 /* umbagog.jpg */,
				A85A5F9A24CA348C00E68830 /* yukon_charleyrivers.jpg */,
			);
			path = Resources;
			sourceTree = "<group>";
		};
/* End PBXGroup section */

/* Begin PBXNativeTarget section */
		A85A5F7124C9F5DC00E68830 /* Landmarks */ = {
			isa = PBXNativeTarget;
			buildConfigurationList = A85A5F8624C9F5DF00E68830 /* Build configuration list for PBXNativeTarget "Landmarks" */;
			buildPhases = (
				A85A5F6E24C9F5DC00E68830 /* Sources */,
				A85A5F6F24C9F5DC00E68830 /* Frameworks */,
				A85A5F7024C9F5DC00E68830 /* Resources */,
			);
			buildRules = (
			);
			dependencies = (
			);
			name = Landmarks;
			productName = Landmarks;
			productReference = A85A5F7224C9F5DC00E68830 /* Landmarks.app */;
			productType = "com.apple.product-type.application";
		};
/* End PBXNativeTarget section */

/* Begin PBXProject section */
		A85A5F6A24C9F5DC00E68830 /* Project object */ = {
			isa = PBXProject;
			attributes = {
				LastSwiftUpdateCheck = 1160;
				LastUpgradeCheck = 1160;
				ORGANIZATIONNAME = "Omar Alejandro Robles Altamirano";
				TargetAttributes = {
					A85A5F7124C9F5DC00E68830 = {
						CreatedOnToolsVersion = 11.6;
					};
				};
			};
			buildConfigurationList = A85A5F6D24C9F5DC00E68830 /* Build configuration list for PBXProject "Landmarks" */;
			compatibilityVersion = "Xcode 9.3";
			developmentRegion = en;
			hasScannedForEncodings = 0;
			knownRegions = (
				en,
				Base,
			);
			mainGroup = A85A5F6924C9F5DC00E68830;
			productRefGroup = A85A5F7324C9F5DC00E68830 /* Products */;
			projectDirPath = "";
			projectRoot = "";
			targets = (
				A85A5F7124C9F5DC00E68830 /* Landmarks */,
			);
		};
/* End PBXProject section */

/* Begin PBXResourcesBuildPhase section */
		A85A5F7024C9F5DC00E68830 /* Resources */ = {
			isa = PBXResourcesBuildPhase;
			buildActionMask = 2147483647;
			files = (
				A85A5FB024CA348C00E68830 /* lakemcdonald.jpg in Resources */,
				A85A5FAF24CA348C00E68830 /* turtlerock.jpg in Resources */,
				A85A5F8224C9F5DF00E68830 /* LaunchScreen.storyboard in Resources */,
				A85A5FA824CA348C00E68830 /* rainbowlake.jpg in Resources */,
				A85A5FA924CA348C00E68830 /* umbagog.jpg in Resources */,
				A85A5F7F24C9F5DF00E68830 /* Preview Assets.xcassets in Resources */,
				A85A5FB124CA348C00E68830 /* stmarylake.jpg in Resources */,
				A85A5FA624CA348C00E68830 /* chincoteague.jpg in Resources */,
				A85A5FAD24CA348C00E68830 /* hiddenlake.jpg in Resources */,
				A85A5FB224CA348C00E68830 /* chilkoottrail.jpg in Resources */,
				A85A5FAA24CA348C00E68830 /* silversalmoncreek.jpg in Resources */,
				A85A5FAC24CA348C00E68830 /* twinlake.jpg in Resources */,
				A85A5F7C24C9F5DF00E68830 /* Assets.xcassets in Resources */,
				A85A5FA724CA348C00E68830 /* yukon_charleyrivers.jpg in Resources */,
				A85A5FAE24CA348C00E68830 /* icybay.jpg in Resources */,
				A85A5FAB24CA348C00E68830 /* landmarkData.json in Resources */,
			);
			runOnlyForDeploymentPostprocessing = 0;
		};
/* End PBXResourcesBuildPhase section */

/* Begin PBXSourcesBuildPhase section */
		A85A5F6E24C9F5DC00E68830 /* Sources */ = {
			isa = PBXSourcesBuildPhase;
			buildActionMask = 2147483647;
			files = (
				A85A5F7624C9F5DC00E68830 /* AppDelegate.swift in Sources */,
				A85A5F8A24C9FC6900E68830 /* CircleImage.swift in Sources */,
				A85A5F8C24C9FF5C00E68830 /* MapView.swift in Sources */,
				A85A5F9624CA341100E68830 /* Landmark.swift in Sources */,
				A85A5FB424CA383100E68830 /* LandmarkList.swift in Sources */,
				A85A5F7824C9F5DC00E68830 /* SceneDelegate.swift in Sources */,
				A85A5F7A24C9F5DC00E68830 /* LandmarkDetail.swift in Sources */,
				A85A5F9224CA2F3000E68830 /* LandmarkRow.swift in Sources */,
				A85A5F9424CA30E900E68830 /* Data.swift in Sources */,
			);
			runOnlyForDeploymentPostprocessing = 0;
		};
/* End PBXSourcesBuildPhase section */

/* Begin PBXVariantGroup section */
		A85A5F8024C9F5DF00E68830 /* LaunchScreen.storyboard */ = {
			isa = PBXVariantGroup;
			children = (
				A85A5F8124C9F5DF00E68830 /* Base */,
			);
			name = LaunchScreen.storyboard;
			sourceTree = "<group>";
		};
/* End PBXVariantGroup section */

/* Begin XCBuildConfiguration section */
		A85A5F8424C9F5DF00E68830 /* Debug */ = {
			isa = XCBuildConfiguration;
			buildSettings = {
				ALWAYS_SEARCH_USER_PATHS = NO;
				CLANG_ANALYZER_NONNULL = YES;
				CLANG_ANALYZER_NUMBER_OBJECT_CONVERSION = YES_AGGRESSIVE;
				CLANG_CXX_LANGUAGE_STANDARD = "gnu++14";
				CLANG_CXX_LIBRARY = "libc++";
				CLANG_ENABLE_MODULES = YES;
				CLANG_ENABLE_OBJC_ARC = YES;
				CLANG_ENABLE_OBJC_WEAK = YES;
				CLANG_WARN_BLOCK_CAPTURE_AUTORELEASING = YES;
				CLANG_WARN_BOOL_CONVERSION = YES;
				CLANG_WARN_COMMA = YES;
				CLANG_WARN_CONSTANT_CONVERSION = YES;
				CLANG_WARN_DEPRECATED_OBJC_IMPLEMENTATIONS = YES;
				CLANG_WARN_DIRECT_OBJC_ISA_USAGE = YES_ERROR;
				CLANG_WARN_DOCUMENTATION_COMMENTS = YES;
				CLANG_WARN_EMPTY_BODY = YES;
				CLANG_WARN_ENUM_CONVERSION = YES;
				CLANG_WARN_INFINITE_RECURSION = YES;
				CLANG_WARN_INT_CONVERSION = YES;
				CLANG_WARN_NON_LITERAL_NULL_CONVERSION = YES;
				CLANG_WARN_OBJC_IMPLICIT_RETAIN_SELF = YES;
				CLANG_WARN_OBJC_LITERAL_CONVERSION = YES;
				CLANG_WARN_OBJC_ROOT_CLASS = YES_ERROR;
				CLANG_WARN_RANGE_LOOP_ANALYSIS = YES;
				CLANG_WARN_STRICT_PROTOTYPES = YES;
				CLANG_WARN_SUSPICIOUS_MOVE = YES;
				CLANG_WARN_UNGUARDED_AVAILABILITY = YES_AGGRESSIVE;
				CLANG_WARN_UNREACHABLE_CODE = YES;
				CLANG_WARN__DUPLICATE_METHOD_MATCH = YES;
				COPY_PHASE_STRIP = NO;
				DEBUG_INFORMATION_FORMAT = dwarf;
				ENABLE_STRICT_OBJC_MSGSEND = YES;
				ENABLE_TESTABILITY = YES;
				GCC_C_LANGUAGE_STANDARD = gnu11;
				GCC_DYNAMIC_NO_PIC = NO;
				GCC_NO_COMMON_BLOCKS = YES;
				GCC_OPTIMIZATION_LEVEL = 0;
				GCC_PREPROCESSOR_DEFINITIONS = (
					"DEBUG=1",
					"$(inherited)",
				);
				GCC_WARN_64_TO_32_BIT_CONVERSION = YES;
				GCC_WARN_ABOUT_RETURN_TYPE = YES_ERROR;
				GCC_WARN_UNDECLARED_SELECTOR = YES;
				GCC_WARN_UNINITIALIZED_AUTOS = YES_AGGRESSIVE;
				GCC_WARN_UNUSED_FUNCTION = YES;
				GCC_WARN_UNUSED_VARIABLE = YES;
				IPHONEOS_DEPLOYMENT_TARGET = 13.6;
				MTL_ENABLE_DEBUG_INFO = INCLUDE_SOURCE;
				MTL_FAST_MATH = YES;
				ONLY_ACTIVE_ARCH = YES;
				SDKROOT = iphoneos;
				SWIFT_ACTIVE_COMPILATION_CONDITIONS = DEBUG;
				SWIFT_OPTIMIZATION_LEVEL = "-Onone";
			};
			name = Debug;
		};
		A85A5F8524C9F5DF00E68830 /* Release */ = {
			isa = XCBuildConfiguration;
			buildSettings = {
				ALWAYS_SEARCH_USER_PATHS = NO;
				CLANG_ANALYZER_NONNULL = YES;
				CLANG_ANALYZER_NUMBER_OBJECT_CONVERSION = YES_AGGRESSIVE;
				CLANG_CXX_LANGUAGE_STANDARD = "gnu++14";
				CLANG_CXX_LIBRARY = "libc++";
				CLANG_ENABLE_MODULES = YES;
				CLANG_ENABLE_OBJC_ARC = YES;
				CLANG_ENABLE_OBJC_WEAK = YES;
				CLANG_WARN_BLOCK_CAPTURE_AUTORELEASING = YES;
				CLANG_WARN_BOOL_CONVERSION = YES;
				CLANG_WARN_COMMA = YES;
				CLANG_WARN_CONSTANT_CONVERSION = YES;
				CLANG_WARN_DEPRECATED_OBJC_IMPLEMENTATIONS = YES;
				CLANG_WARN_DIRECT_OBJC_ISA_USAGE = YES_ERROR;
				CLANG_WARN_DOCUMENTATION_COMMENTS = YES;
				CLANG_WARN_EMPTY_BODY = YES;
				CLANG_WARN_ENUM_CONVERSION = YES;
				CLANG_WARN_INFINITE_RECURSION = YES;
				CLANG_WARN_INT_CONVERSION = YES;
				CLANG_WARN_NON_LITERAL_NULL_CONVERSION = YES;
				CLANG_WARN_OBJC_IMPLICIT_RETAIN_SELF = YES;
				CLANG_WARN_OBJC_LITERAL_CONVERSION = YES;
				CLANG_WARN_OBJC_ROOT_CLASS = YES_ERROR;
				CLANG_WARN_RANGE_LOOP_ANALYSIS = YES;
				CLANG_WARN_STRICT_PROTOTYPES = YES;
				CLANG_WARN_SUSPICIOUS_MOVE = YES;
				CLANG_WARN_UNGUARDED_AVAILABILITY = YES_AGGRESSIVE;
				CLANG_WARN_UNREACHABLE_CODE = YES;
				CLANG_WARN__DUPLICATE_METHOD_MATCH = YES;
				COPY_PHASE_STRIP = NO;
				DEBUG_INFORMATION_FORMAT = "dwarf-with-dsym";
				ENABLE_NS_ASSERTIONS = NO;
				ENABLE_STRICT_OBJC_MSGSEND = YES;
				GCC_C_LANGUAGE_STANDARD = gnu11;
				GCC_NO_COMMON_BLOCKS = YES;
				GCC_WARN_64_TO_32_BIT_CONVERSION = YES;
				GCC_WARN_ABOUT_RETURN_TYPE = YES_ERROR;
				GCC_WARN_UNDECLARED_SELECTOR = YES;
				GCC_WARN_UNINITIALIZED_AUTOS = YES_AGGRESSIVE;
				GCC_WARN_UNUSED_FUNCTION = YES;
				GCC_WARN_UNUSED_VARIABLE = YES;
				IPHONEOS_DEPLOYMENT_TARGET = 13.6;
				MTL_ENABLE_DEBUG_INFO = NO;
				MTL_FAST_MATH = YES;
				SDKROOT = iphoneos;
				SWIFT_COMPILATION_MODE = wholemodule;
				SWIFT_OPTIMIZATION_LEVEL = "-O";
				VALIDATE_PRODUCT = YES;
			};
			name = Release;
		};
		A85A5F8724C9F5DF00E68830 /* Debug */ = {
			isa = XCBuildConfiguration;
			buildSettings = {
				ASSETCATALOG_COMPILER_APPICON_NAME = AppIcon;
				CODE_SIGN_STYLE = Automatic;
				DEVELOPMENT_ASSET_PATHS = "\"Landmarks/Preview Content\"";
				ENABLE_PREVIEWS = YES;
				INFOPLIST_FILE = Landmarks/Info.plist;
				LD_RUNPATH_SEARCH_PATHS = (
					"$(inherited)",
					"@executable_path/Frameworks",
				);
				PRODUCT_BUNDLE_IDENTIFIER = com.Alejandro.Landmarks;
				PRODUCT_NAME = "$(TARGET_NAME)";
				SWIFT_VERSION = 5.0;
				TARGETED_DEVICE_FAMILY = "1,2";
			};
			name = Debug;
		};
		A85A5F8824C9F5DF00E68830 /* Release */ = {
			isa = XCBuildConfiguration;
			buildSettings = {
				ASSETCATALOG_COMPILER_APPICON_NAME = AppIcon;
				CODE_SIGN_STYLE = Automatic;
				DEVELOPMENT_ASSET_PATHS = "\"Landmarks/Preview Content\"";
				ENABLE_PREVIEWS = YES;
				INFOPLIST_FILE = Landmarks/Info.plist;
				LD_RUNPATH_SEARCH_PATHS = (
					"$(inherited)",
					"@executable_path/Frameworks",
				);
				PRODUCT_BUNDLE_IDENTIFIER = com.Alejandro.Landmarks;
				PRODUCT_NAME = "$(TARGET_NAME)";
				SWIFT_VERSION = 5.0;
				TARGETED_DEVICE_FAMILY = "1,2";
			};
			name = Release;
		};
/* End XCBuildConfiguration section */

/* Begin XCConfigurationList section */
		A85A5F6D24C9F5DC00E68830 /* Build configuration list for PBXProject "Landmarks" */ = {
			isa = XCConfigurationList;
			buildConfigurations = (
				A85A5F8424C9F5DF00E68830 /* Debug */,
				A85A5F8524C9F5DF00E68830 /* Release */,
			);
			defaultConfigurationIsVisible = 0;
			defaultConfigurationName = Release;
		};
		A85A5F8624C9F5DF00E68830 /* Build configuration list for PBXNativeTarget "Landmarks" */ = {
			isa = XCConfigurationList;
			buildConfigurations = (
				A85A5F8724C9F5DF00E68830 /* Debug */,
				A85A5F8824C9F5DF00E68830 /* Release */,
			);
			defaultConfigurationIsVisible = 0;
			defaultConfigurationName = Release;
		};
/* End XCConfigurationList section */
	};
	rootObject = A85A5F6A24C9F5DC00E68830 /* Project object */;
}
